<?xml version="1.0" encoding="utf-8"?>
<Project ToolsVersion="4.0" xmlns="http://schemas.microsoft.com/developer/msbuild/2003">
  <ItemGroup>
    <Filter Include="Source Files">
      <UniqueIdentifier>{4FC737F1-C7A5-4376-A066-2A32D752A2FF}</UniqueIdentifier>
      <Extensions>cpp;c;cc;cxx;c++;cppm;ixx;def;odl;idl;hpj;bat;asm;asmx</Extensions>
    </Filter>
    <Filter Include="Header Files">
      <UniqueIdentifier>{93995380-89BD-4b04-88EB-625FBE52EBFB}</UniqueIdentifier>
      <Extensions>h;hh;hpp;hxx;h++;hm;inl;inc;ipp;xsd</Extensions>
    </Filter>
    <Filter Include="Resource Files">
      <UniqueIdentifier>{67DA6AB6-F800-4c08-8B7A-83BB121AAD01}</UniqueIdentifier>
      <Extensions>rc;ico;cur;bmp;dlg;rc2;rct;bin;rgs;gif;jpg;jpeg;jpe;resx;tiff;tif;png;wav;mfcribbon-ms</Extensions>
    </Filter>
    <Filter Include="Shaders">
      <UniqueIdentifier>{c68da8cc-dcd3-46e7-a34f-879fe7960403}</UniqueIdentifier>
    </Filter>
    <Filter Include="textures">
      <UniqueIdentifier>{3bb5f9b3-7c34-44f7-b888-c3504bfeb945}</UniqueIdentifier>
    </Filter>
    <Filter Include="fonts">
      <UniqueIdentifier>{ad868c0b-0677-4712-84d5-0c0dfa68b88c}</UniqueIdentifier>
    </Filter>
    <Filter Include="models">
      <UniqueIdentifier>{5df72e24-242b-4b8a-8c75-40de58cdf431}</UniqueIdentifier>
    </Filter>
  </ItemGroup>
  <ItemGroup>
    <ClCompile Include="main.cpp">
      <Filter>Source Files</Filter>
    </ClCompile>
    <ClCompile Include="windowproc.cpp">
      <Filter>Source Files</Filter>
    </ClCompile>
    <ClCompile Include="glextfn.cpp">
      <Filter>Source Files</Filter>
    </ClCompile>
    <ClCompile Include="renderthread.cpp">
      <Filter>Source Files</Filter>
    </ClCompile>
    <ClCompile Include="vertexbuffer.cpp">
      <Filter>Source Files</Filter>
    </ClCompile>
    <ClCompile Include="OpenGlProgram.cpp">
      <Filter>Source Files</Filter>
    </ClCompile>
    <ClCompile Include="physics.cpp">
      <Filter>Source Files</Filter>
    </ClCompile>
    <ClCompile Include="blocks.cpp">
      <Filter>Source Files</Filter>
    </ClCompile>
    <ClCompile Include="OpenGlVertexBuffer.cpp">
      <Filter>Source Files</Filter>
    </ClCompile>
    <ClCompile Include="format.cc">
      <Filter>Source Files</Filter>
    </ClCompile>
    <ClCompile Include="os.cc">
      <Filter>Source Files</Filter>
    </ClCompile>
    <ClCompile Include="vertex_memory_manager.cpp">
      <Filter>Source Files</Filter>
    </ClCompile>
    <ClCompile Include="noise.cpp">
      <Filter>Source Files</Filter>
    </ClCompile>
  </ItemGroup>
  <ItemGroup>
    <ClInclude Include="voxc.h">
      <Filter>Header Files</Filter>
    </ClInclude>
    <ClInclude Include="glext.h">
      <Filter>Header Files</Filter>
    </ClInclude>
    <ClInclude Include="khrplatform.h">
      <Filter>Header Files</Filter>
    </ClInclude>
    <ClInclude Include="stb_image.h">
      <Filter>Header Files</Filter>
    </ClInclude>
    <ClInclude Include="OpenGlProgram.h">
      <Filter>Header Files</Filter>
    </ClInclude>
    <ClInclude Include="tiny_obj_loader.h">
      <Filter>Header Files</Filter>
    </ClInclude>
    <ClInclude Include="OpenGlVertexBuffer.h">
      <Filter>Header Files</Filter>
    </ClInclude>
  </ItemGroup>
  <ItemGroup>
    <Text Include="vshader.txt">
      <Filter>Shaders</Filter>
    </Text>
    <Text Include="fshader.txt">
      <Filter>Shaders</Filter>
    </Text>
    <Text Include="vshadow.txt">
      <Filter>Shaders</Filter>
    </Text>
    <Text Include="fshadow.txt">
      <Filter>Shaders</Filter>
    </Text>
    <Text Include="vsh2d.txt">
      <Filter>Shaders</Filter>
    </Text>
    <Text Include="fsh2d.txt">
      <Filter>Shaders</Filter>
    </Text>
    <Text Include="vfont.txt">
      <Filter>Shaders</Filter>
    </Text>
    <Text Include="ffont.txt">
      <Filter>Shaders</Filter>
    </Text>
    <Text Include="selcube.frag" />
    <Text Include="selcube.vert" />
  </ItemGroup>
  <ItemGroup>
    <Image Include="vocxdirt.png">
      <Filter>textures</Filter>
    </Image>
    <Image Include="vocxdirtgrass.png">
      <Filter>textures</Filter>
    </Image>
    <Image Include="vocxgrass.png">
      <Filter>textures</Filter>
    </Image>
    <Image Include="vocxleaves_t.png">
      <Filter>textures</Filter>
    </Image>
    <Image Include="vocxwoodrings.png">
      <Filter>textures</Filter>
    </Image>
    <Image Include="vocxwoodbark.png">
      <Filter>textures</Filter>
    </Image>
  </ItemGroup>
  <ItemGroup>
    <Font Include="FiraCode-Bold.ttf">
      <Filter>fonts</Filter>
    </Font>
    <Font Include="FiraCode-Light.ttf">
      <Filter>fonts</Filter>
    </Font>
    <Font Include="FiraCode-Medium.ttf">
      <Filter>fonts</Filter>
    </Font>
    <Font Include="FiraCode-Regular.ttf">
      <Filter>fonts</Filter>
    </Font>
  </ItemGroup>
  <ItemGroup>
    <None Include="Lowpoly_tree_sample.mtl">
      <Filter>models</Filter>
    </None>
    <None Include="ChristmasTree.model">
      <Filter>models</Filter>
    </None>
    <None Include="ChristmasTree.mtl">
      <Filter>models</Filter>
    </None>
    <None Include="tree.mtl">
      <Filter>models</Filter>
    </None>
    <None Include="Lowpoly_tree_sample.model" />
    <None Include="tree.model" />
  </ItemGroup>
</Project>