
Microsoft Visual Studio Solution File, Format Version 12.00
# Visual Studio Version 16
VisualStudioVersion = 16.0.30413.136
MinimumVisualStudioVersion = 10.0.40219.1
Project("{8BC9CEB8-8B4A-11D0-8D11-00A0C91BC942}") = "vulkbox", "vulkbox\vulkbox.vcxproj", "{89EAE012-8F88-4EA8-BD7E-23CC951601D3}"
EndProject
Project("{8BC9CEB8-8B4A-11D0-8D11-00A0C91BC942}") = "voxc", "voxc\voxc.vcxproj", "{AA43DA68-CB54-4923-81E7-33B1A47AEA87}"
EndProject
Project("{8BC9CEB8-8B4A-11D0-8D11-00A0C91BC942}") = "texgen", "texgen\texgen.vcxproj", "{F6C08F1F-4C56-4EF2-9DB8-9572065C8264}"
EndProject
Project("{8BC9CEB8-8B4A-11D0-8D11-00A0C91BC942}") = "vkbasic", "vkbasic\vkbasic.vcxproj", "{2DEA7A06-E68B-4E23-A772-5B1CC41AB302}"
EndProject
Global
	GlobalSection(SolutionConfigurationPlatforms) = preSolution
		Debug|x64 = Debug|x64
		Debug|x86 = Debug|x86
		Release|x64 = Release|x64
		Release|x86 = Release|x86
	EndGlobalSection
	GlobalSection(ProjectConfigurationPlatforms) = postSolution
		{89EAE012-8F88-4EA8-BD7E-23CC951601D3}.Debug|x64.ActiveCfg = Debug|x64
		{89EAE012-8F88-4EA8-BD7E-23CC951601D3}.Debug|x86.ActiveCfg = Debug|Win32
		{89EAE012-8F88-4EA8-BD7E-23CC951601D3}.Debug|x86.Build.0 = Debug|Win32
		{89EAE012-8F88-4EA8-BD7E-23CC951601D3}.Release|x64.ActiveCfg = Release|x64
		{89EAE012-8F88-4EA8-BD7E-23CC951601D3}.Release|x86.ActiveCfg = Release|Win32
		{89EAE012-8F88-4EA8-BD7E-23CC951601D3}.Release|x86.Build.0 = Release|Win32
		{AA43DA68-CB54-4923-81E7-33B1A47AEA87}.Debug|x64.ActiveCfg = Debug|x64
		{AA43DA68-CB54-4923-81E7-33B1A47AEA87}.Debug|x64.Build.0 = Debug|x64
		{AA43DA68-CB54-4923-81E7-33B1A47AEA87}.Debug|x86.ActiveCfg = Debug|Win32
		{AA43DA68-CB54-4923-81E7-33B1A47AEA87}.Debug|x86.Build.0 = Debug|Win32
		{AA43DA68-CB54-4923-81E7-33B1A47AEA87}.Release|x64.ActiveCfg = Release|x64
		{AA43DA68-CB54-4923-81E7-33B1A47AEA87}.Release|x64.Build.0 = Release|x64
		{AA43DA68-CB54-4923-81E7-33B1A47AEA87}.Release|x86.ActiveCfg = Release|Win32
		{AA43DA68-CB54-4923-81E7-33B1A47AEA87}.Release|x86.Build.0 = Release|Win32
		{F6C08F1F-4C56-4EF2-9DB8-9572065C8264}.Debug|x64.ActiveCfg = Debug|x64
		{F6C08F1F-4C56-4EF2-9DB8-9572065C8264}.Debug|x64.Build.0 = Debug|x64
		{F6C08F1F-4C56-4EF2-9DB8-9572065C8264}.Debug|x86.ActiveCfg = Debug|Win32
		{F6C08F1F-4C56-4EF2-9DB8-9572065C8264}.Debug|x86.Build.0 = Debug|Win32
		{F6C08F1F-4C56-4EF2-9DB8-9572065C8264}.Release|x64.ActiveCfg = Release|x64
		{F6C08F1F-4C56-4EF2-9DB8-9572065C8264}.Release|x86.ActiveCfg = Release|Win32
		{F6C08F1F-4C56-4EF2-9DB8-9572065C8264}.Release|x86.Build.0 = Release|Win32
		{2DEA7A06-E68B-4E23-A772-5B1CC41AB302}.Debug|x64.ActiveCfg = Debug|x64
		{2DEA7A06-E68B-4E23-A772-5B1CC41AB302}.Debug|x64.Build.0 = Debug|x64
		{2DEA7A06-E68B-4E23-A772-5B1CC41AB302}.Debug|x86.ActiveCfg = Debug|Win32
		{2DEA7A06-E68B-4E23-A772-5B1CC41AB302}.Debug|x86.Build.0 = Debug|Win32
		{2DEA7A06-E68B-4E23-A772-5B1CC41AB302}.Release|x64.ActiveCfg = Release|x64
		{2DEA7A06-E68B-4E23-A772-5B1CC41AB302}.Release|x86.ActiveCfg = Release|Win32
		{2DEA7A06-E68B-4E23-A772-5B1CC41AB302}.Release|x86.Build.0 = Release|Win32
	EndGlobalSection
	GlobalSection(SolutionProperties) = preSolution
		HideSolutionNode = FALSE
	EndGlobalSection
	GlobalSection(ExtensibilityGlobals) = postSolution
		SolutionGuid = {CE4F94E1-FA7A-45C8-8866-4C1160B59E4E}
	EndGlobalSection
EndGlobal
