<?xml version="1.0" encoding="utf-8"?>
<Project ToolsVersion="4.0" xmlns="http://schemas.microsoft.com/developer/msbuild/2003">
  <ItemGroup>
    <Filter Include="Source Files">
      <UniqueIdentifier>{4FC737F1-C7A5-4376-A066-2A32D752A2FF}</UniqueIdentifier>
      <Extensions>cpp;c;cc;cxx;c++;cppm;ixx;def;odl;idl;hpj;bat;asm;asmx</Extensions>
    </Filter>
    <Filter Include="Header Files">
      <UniqueIdentifier>{93995380-89BD-4b04-88EB-625FBE52EBFB}</UniqueIdentifier>
      <Extensions>h;hh;hpp;hxx;h++;hm;inl;inc;ipp;xsd</Extensions>
    </Filter>
    <Filter Include="Resource Files">
      <UniqueIdentifier>{67DA6AB6-F800-4c08-8B7A-83BB121AAD01}</UniqueIdentifier>
      <Extensions>rc;ico;cur;bmp;dlg;rc2;rct;bin;rgs;gif;jpg;jpeg;jpe;resx;tiff;tif;png;wav;mfcribbon-ms</Extensions>
    </Filter>
    <Filter Include="shaders">
      <UniqueIdentifier>{5c934198-0569-4f69-af0c-3f5f0a2c0adf}</UniqueIdentifier>
    </Filter>
  </ItemGroup>
  <ItemGroup>
    <ClCompile Include="main.cpp">
      <Filter>Source Files</Filter>
    </ClCompile>
    <ClCompile Include="VulkanCreateInstance.cpp">
      <Filter>Source Files</Filter>
    </ClCompile>
    <ClCompile Include="VulkanSetupDebugMessenger.cpp">
      <Filter>Source Files</Filter>
    </ClCompile>
    <ClCompile Include="VulkanCallback.cpp">
      <Filter>Source Files</Filter>
    </ClCompile>
    <ClCompile Include="VulkanCreateSurface.cpp">
      <Filter>Source Files</Filter>
    </ClCompile>
    <ClCompile Include="VulkanPickPhysDev.cpp">
      <Filter>Source Files</Filter>
    </ClCompile>
    <ClCompile Include="VulkanCreateLogDev.cpp">
      <Filter>Source Files</Filter>
    </ClCompile>
    <ClCompile Include="VulkanCreateSwpChain.cpp">
      <Filter>Source Files</Filter>
    </ClCompile>
    <ClCompile Include="VulkanCreateImageVws.cpp">
      <Filter>Source Files</Filter>
    </ClCompile>
    <ClCompile Include="VulkanCreateRenderPass.cpp">
      <Filter>Source Files</Filter>
    </ClCompile>
    <ClCompile Include="VulkanDescrSetLayout.cpp">
      <Filter>Source Files</Filter>
    </ClCompile>
    <ClCompile Include="VulkanCreateGphPipeline.cpp">
      <Filter>Source Files</Filter>
    </ClCompile>
    <ClCompile Include="VulkanCreateCmdPool.cpp">
      <Filter>Source Files</Filter>
    </ClCompile>
    <ClCompile Include="CreateDepthRes.cpp">
      <Filter>Source Files</Filter>
    </ClCompile>
    <ClCompile Include="CreateFrameBuffers.cpp">
      <Filter>Source Files</Filter>
    </ClCompile>
    <ClCompile Include="CreateTextureImage.cpp">
      <Filter>Source Files</Filter>
    </ClCompile>
    <ClCompile Include="CreateTexImgVw.cpp">
      <Filter>Source Files</Filter>
    </ClCompile>
    <ClCompile Include="CreateTextureSampler.cpp">
      <Filter>Source Files</Filter>
    </ClCompile>
    <ClCompile Include="CreateVertexBuffer.cpp">
      <Filter>Source Files</Filter>
    </ClCompile>
    <ClCompile Include="CreateIndexBuffer.cpp">
      <Filter>Source Files</Filter>
    </ClCompile>
    <ClCompile Include="CreateUniformBuffers.cpp">
      <Filter>Source Files</Filter>
    </ClCompile>
    <ClCompile Include="CreateDescrPool.cpp">
      <Filter>Source Files</Filter>
    </ClCompile>
    <ClCompile Include="CreateDescrSets.cpp">
      <Filter>Source Files</Filter>
    </ClCompile>
    <ClCompile Include="CreateCommandBuffers.cpp">
      <Filter>Source Files</Filter>
    </ClCompile>
    <ClCompile Include="CreateSyncObjects.cpp">
      <Filter>Source Files</Filter>
    </ClCompile>
    <ClCompile Include="DrawFrame.cpp">
      <Filter>Source Files</Filter>
    </ClCompile>
    <ClCompile Include="VulkanCleanup.cpp">
      <Filter>Source Files</Filter>
    </ClCompile>
  </ItemGroup>
  <ItemGroup>
    <None Include="shader.vert">
      <Filter>shaders</Filter>
    </None>
    <None Include="shader.frag">
      <Filter>shaders</Filter>
    </None>
    <None Include="compile.bat">
      <Filter>shaders</Filter>
    </None>
    <None Include="shader2.vert">
      <Filter>shaders</Filter>
    </None>
  </ItemGroup>
  <ItemGroup>
    <ClInclude Include="stb_image.h">
      <Filter>Header Files</Filter>
    </ClInclude>
    <ClInclude Include="HelloTriangleApplication.h">
      <Filter>Header Files</Filter>
    </ClInclude>
  </ItemGroup>
</Project>